
Microsoft Visual Studio Solution File, Format Version 12.00
# Visual Studio 15
VisualStudioVersion = 15.0.27703.2035
MinimumVisualStudioVersion = 10.0.40219.1
Project("{9A19103F-16F7-4668-BE54-9A1E7A4F7556}") = "FomaSdk", "src\FomaSdk.csproj", "{D09928C9-8C51-4107-818E-F09EBAD36A21}"
EndProject
Project("{9A19103F-16F7-4668-BE54-9A1E7A4F7556}") = "Example", "Example\Example.csproj", "{34C804DD-1141-4F70-8ED7-FE80A8F43EA0}"
EndProject
Project("{2150E333-8FDC-42A3-9474-1A3956D46DE8}") = "Solution", "Solution", "{0E64BD75-D5FA-4B91-B81C-4A06E65ADB79}"
	ProjectSection(SolutionItems) = preProject
		.gitignore = .gitignore
		readme.md = readme.md
	EndProjectSection
EndProject
Global
	GlobalSection(SolutionConfigurationPlatforms) = preSolution
		Debug|Any CPU = Debug|Any CPU
		Release|Any CPU = Release|Any CPU
	EndGlobalSection
	GlobalSection(ProjectConfigurationPlatforms) = postSolution
		{D09928C9-8C51-4107-818E-F09EBAD36A21}.Debug|Any CPU.ActiveCfg = Debug|Any CPU
		{D09928C9-8C51-4107-818E-F09EBAD36A21}.Debug|Any CPU.Build.0 = Debug|Any CPU
		{D09928C9-8C51-4107-818E-F09EBAD36A21}.Release|Any CPU.ActiveCfg = Release|Any CPU
		{D09928C9-8C51-4107-818E-F09EBAD36A21}.Release|Any CPU.Build.0 = Release|Any CPU
		{34C804DD-1141-4F70-8ED7-FE80A8F43EA0}.Debug|Any CPU.ActiveCfg = Debug|Any CPU
		{34C804DD-1141-4F70-8ED7-FE80A8F43EA0}.Debug|Any CPU.Build.0 = Debug|Any CPU
		{34C804DD-1141-4F70-8ED7-FE80A8F43EA0}.Release|Any CPU.ActiveCfg = Release|Any CPU
		{34C804DD-1141-4F70-8ED7-FE80A8F43EA0}.Release|Any CPU.Build.0 = Release|Any CPU
	EndGlobalSection
	GlobalSection(SolutionProperties) = preSolution
		HideSolutionNode = FALSE
	EndGlobalSection
	GlobalSection(ExtensibilityGlobals) = postSolution
		SolutionGuid = {84BF7F91-2FC2-4D8A-9E0E-FC89547FD0EB}
	EndGlobalSection
EndGlobal
